
Microsoft Visual Studio Solution File, Format Version 12.00
# Visual Studio Version 17
VisualStudioVersion = 17.2.32516.85
MinimumVisualStudioVersion = 10.0.40219.1
Project("{FAE04EC0-301F-11D3-BF4B-00C04F79EFBC}") = "DevIO.UI.Site", "src\DevIO.UI.Site\DevIO.UI.Site.csproj", "{31A03F69-0F3E-4F29-B9ED-D4269BC7947B}"
EndProject
Global
	GlobalSection(SolutionConfigurationPlatforms) = preSolution
		Debug|Any CPU = Debug|Any CPU
		Release|Any CPU = Release|Any CPU
	EndGlobalSection
	GlobalSection(ProjectConfigurationPlatforms) = postSolution
		{31A03F69-0F3E-4F29-B9ED-D4269BC7947B}.Debug|Any CPU.ActiveCfg = Debug|Any CPU
		{31A03F69-0F3E-4F29-B9ED-D4269BC7947B}.Debug|Any CPU.Build.0 = Debug|Any CPU
		{31A03F69-0F3E-4F29-B9ED-D4269BC7947B}.Release|Any CPU.ActiveCfg = Release|Any CPU
		{31A03F69-0F3E-4F29-B9ED-D4269BC7947B}.Release|Any CPU.Build.0 = Release|Any CPU
	EndGlobalSection
	GlobalSection(SolutionProperties) = preSolution
		HideSolutionNode = FALSE
	EndGlobalSection
	GlobalSection(ExtensibilityGlobals) = postSolution
		SolutionGuid = {98F23684-0443-494E-AB42-AA9410C4F186}
	EndGlobalSection
EndGlobal
