
Microsoft Visual Studio Solution File, Format Version 12.00
# Visual Studio 15
Project("{2150E333-8FDC-42A3-9474-1A3956D46DE8}") = "1 - Teste de Unidade", "1 - Teste de Unidade", "{30719ED0-79A2-4A70-B7F3-A278EF376F65}"
EndProject
Project("{2150E333-8FDC-42A3-9474-1A3956D46DE8}") = "1.1 - Teste Basico", "1.1 - Teste Basico", "{6F00A501-B265-4162-B476-FCF8BE4BCF8B}"
EndProject
Project("{FAE04EC0-301F-11D3-BF4B-00C04F79EFBC}") = "Demo", "Teste de Unidade\Teste Basico\Demo\Demo.csproj", "{0381CC29-47F5-4803-A465-2BC1AF0450DD}"
EndProject
Project("{2150E333-8FDC-42A3-9474-1A3956D46DE8}") = "1.2 - Features", "1.2 - Features", "{047702B0-8664-47A1-BA81-FA8A814EDD11}"
EndProject
Project("{FAE04EC0-301F-11D3-BF4B-00C04F79EFBC}") = "Features", "Teste de Unidade\Teste Basico\Features\Features.csproj", "{0C2756CE-D28D-4BFC-9F64-2CAD579A8EDC}"
EndProject
Project("{FAE04EC0-301F-11D3-BF4B-00C04F79EFBC}") = "Features.Tests", "Teste de Unidade\Teste Basico\Features.Tests\Features.Tests.csproj", "{2A58A9AB-D82F-488F-B361-4C636C1EEC71}"
EndProject
Project("{FAE04EC0-301F-11D3-BF4B-00C04F79EFBC}") = "Demo.Tests", "Teste de Unidade\Teste Basico\Demo.Tests\Demo.Tests.csproj", "{6D3A9233-D6B5-4667-822B-A9F43D8E9521}"
EndProject
Project("{2150E333-8FDC-42A3-9474-1A3956D46DE8}") = "2 - TDD", "2 - TDD", "{C5B3FE3F-4D4F-4CA5-8C55-9307CA42FC5D}"
EndProject
Project("{2150E333-8FDC-42A3-9474-1A3956D46DE8}") = "src", "src", "{BBACB285-D8C5-44C4-8A39-2AE9BE281CE5}"
EndProject
Project("{2150E333-8FDC-42A3-9474-1A3956D46DE8}") = "tests", "tests", "{F299D145-9AD1-41AD-A4C6-ADE10CEE8E6D}"
EndProject
Project("{FAE04EC0-301F-11D3-BF4B-00C04F79EFBC}") = "NerdStore.Core", "TDD\src\NerdStore.Core\NerdStore.Core.csproj", "{DCA260FD-3361-426A-B43F-37647640FBA6}"
EndProject
Project("{FAE04EC0-301F-11D3-BF4B-00C04F79EFBC}") = "NerdStore.Vendas.Application", "TDD\src\NerdStore.Vendas.Application\NerdStore.Vendas.Application.csproj", "{22341F7E-F6FA-4CD2-A5BF-00821B8D85BD}"
EndProject
Project("{FAE04EC0-301F-11D3-BF4B-00C04F79EFBC}") = "NerdStore.Vendas.Domain", "TDD\src\NerdStore.Vendas.Domain\NerdStore.Vendas.Domain.csproj", "{FC18647A-D06A-43EA-9965-40FC8F156789}"
EndProject
Project("{FAE04EC0-301F-11D3-BF4B-00C04F79EFBC}") = "NerdStore.Vendas.Data", "TDD\src\NerdStore.Vendas.Data\NerdStore.Vendas.Data.csproj", "{AFD5EDD6-C2CD-4397-A0F6-915D9E53D808}"
EndProject
Project("{FAE04EC0-301F-11D3-BF4B-00C04F79EFBC}") = "NerdStore.Vendas.Domain.Tests", "TDD\tests\NerdStore.Vendas.Domain.Tests\NerdStore.Vendas.Domain.Tests.csproj", "{7C0489B9-D334-4DEE-B10F-FFFF07E439E9}"
EndProject
Project("{FAE04EC0-301F-11D3-BF4B-00C04F79EFBC}") = "NerdStore.Vendas.Application.Tests", "TDD\tests\NerdStore.Vendas.Application.Tests\NerdStore.Vendas.Application.Tests.csproj", "{6BFD2677-703C-46E7-9AE2-68F2356350FE}"
EndProject
Project("{2150E333-8FDC-42A3-9474-1A3956D46DE8}") = "3 - Teste de Integracao", "3 - Teste de Integracao", "{CFA42F12-605F-453A-9837-03E78CEDD6BD}"
EndProject
Project("{2150E333-8FDC-42A3-9474-1A3956D46DE8}") = "src", "src", "{F3D6518E-6F31-4338-8860-C23473A3AE08}"
EndProject
Project("{2150E333-8FDC-42A3-9474-1A3956D46DE8}") = "tests", "tests", "{9B885417-0808-425D-87BF-4D5A36F75B39}"
EndProject
Project("{FAE04EC0-301F-11D3-BF4B-00C04F79EFBC}") = "NerdStore.Catalogo.Domain", "Testes de Integracao\src\NerdStore.Catalogo.Domain\NerdStore.Catalogo.Domain.csproj", "{CF70DAE3-123E-440C-B8D5-3A0245B77CCC}"
EndProject
Project("{FAE04EC0-301F-11D3-BF4B-00C04F79EFBC}") = "NerdStore.Catalogo.Data", "Testes de Integracao\src\NerdStore.Catalogo.Data\NerdStore.Catalogo.Data.csproj", "{01174BBA-1990-49EE-9458-8D1FAB9BC43E}"
EndProject
Project("{FAE04EC0-301F-11D3-BF4B-00C04F79EFBC}") = "NerdStore.Catalogo.Application", "Testes de Integracao\src\NerdStore.Catalogo.Application\NerdStore.Catalogo.Application.csproj", "{48BC0B1C-706E-41B4-954F-9C84F772A1A0}"
EndProject
Project("{FAE04EC0-301F-11D3-BF4B-00C04F79EFBC}") = "NerdStore.WebApp.MVC", "Testes de Integracao\src\NerdStore.WebApp.MVC\NerdStore.WebApp.MVC.csproj", "{F779CFE8-2AA8-457D-BD41-569D91581F5B}"
EndProject
Project("{FAE04EC0-301F-11D3-BF4B-00C04F79EFBC}") = "NerdStore.WebApp.Tests", "Testes de Integracao\tests\NerdStore.WebApp.Tests\NerdStore.WebApp.Tests.csproj", "{6A9816CA-82EC-4566-9D10-4AAA80524C67}"
EndProject
Project("{2150E333-8FDC-42A3-9474-1A3956D46DE8}") = "4 - BDD", "4 - BDD", "{CE915C38-F0DA-4D3A-80CD-7F50A5EF6C52}"
EndProject
Project("{2150E333-8FDC-42A3-9474-1A3956D46DE8}") = "tests", "tests", "{65E7D244-A9F1-4CEA-BA14-E22705831317}"
EndProject
Project("{FAE04EC0-301F-11D3-BF4B-00C04F79EFBC}") = "NerdStore.BDD.Tests", "BDD\tests\NerdStore.BDD.Tests\NerdStore.BDD.Tests.csproj", "{C8DE5E4C-85A0-466B-9354-443F3052DEFB}"
EndProject
Global
	GlobalSection(SolutionConfigurationPlatforms) = preSolution
		Debug|Any CPU = Debug|Any CPU
		Release|Any CPU = Release|Any CPU
	EndGlobalSection
	GlobalSection(ProjectConfigurationPlatforms) = postSolution
		{0381CC29-47F5-4803-A465-2BC1AF0450DD}.Debug|Any CPU.ActiveCfg = Debug|Any CPU
		{0381CC29-47F5-4803-A465-2BC1AF0450DD}.Debug|Any CPU.Build.0 = Debug|Any CPU
		{0381CC29-47F5-4803-A465-2BC1AF0450DD}.Release|Any CPU.ActiveCfg = Release|Any CPU
		{0381CC29-47F5-4803-A465-2BC1AF0450DD}.Release|Any CPU.Build.0 = Release|Any CPU
		{0C2756CE-D28D-4BFC-9F64-2CAD579A8EDC}.Debug|Any CPU.ActiveCfg = Debug|Any CPU
		{0C2756CE-D28D-4BFC-9F64-2CAD579A8EDC}.Debug|Any CPU.Build.0 = Debug|Any CPU
		{0C2756CE-D28D-4BFC-9F64-2CAD579A8EDC}.Release|Any CPU.ActiveCfg = Release|Any CPU
		{0C2756CE-D28D-4BFC-9F64-2CAD579A8EDC}.Release|Any CPU.Build.0 = Release|Any CPU
		{2A58A9AB-D82F-488F-B361-4C636C1EEC71}.Debug|Any CPU.ActiveCfg = Debug|Any CPU
		{2A58A9AB-D82F-488F-B361-4C636C1EEC71}.Debug|Any CPU.Build.0 = Debug|Any CPU
		{2A58A9AB-D82F-488F-B361-4C636C1EEC71}.Release|Any CPU.ActiveCfg = Release|Any CPU
		{2A58A9AB-D82F-488F-B361-4C636C1EEC71}.Release|Any CPU.Build.0 = Release|Any CPU
		{6D3A9233-D6B5-4667-822B-A9F43D8E9521}.Debug|Any CPU.ActiveCfg = Debug|Any CPU
		{6D3A9233-D6B5-4667-822B-A9F43D8E9521}.Debug|Any CPU.Build.0 = Debug|Any CPU
		{6D3A9233-D6B5-4667-822B-A9F43D8E9521}.Release|Any CPU.ActiveCfg = Release|Any CPU
		{6D3A9233-D6B5-4667-822B-A9F43D8E9521}.Release|Any CPU.Build.0 = Release|Any CPU
		{DCA260FD-3361-426A-B43F-37647640FBA6}.Debug|Any CPU.ActiveCfg = Debug|Any CPU
		{DCA260FD-3361-426A-B43F-37647640FBA6}.Debug|Any CPU.Build.0 = Debug|Any CPU
		{DCA260FD-3361-426A-B43F-37647640FBA6}.Release|Any CPU.ActiveCfg = Release|Any CPU
		{DCA260FD-3361-426A-B43F-37647640FBA6}.Release|Any CPU.Build.0 = Release|Any CPU
		{22341F7E-F6FA-4CD2-A5BF-00821B8D85BD}.Debug|Any CPU.ActiveCfg = Debug|Any CPU
		{22341F7E-F6FA-4CD2-A5BF-00821B8D85BD}.Debug|Any CPU.Build.0 = Debug|Any CPU
		{22341F7E-F6FA-4CD2-A5BF-00821B8D85BD}.Release|Any CPU.ActiveCfg = Release|Any CPU
		{22341F7E-F6FA-4CD2-A5BF-00821B8D85BD}.Release|Any CPU.Build.0 = Release|Any CPU
		{FC18647A-D06A-43EA-9965-40FC8F156789}.Debug|Any CPU.ActiveCfg = Debug|Any CPU
		{FC18647A-D06A-43EA-9965-40FC8F156789}.Debug|Any CPU.Build.0 = Debug|Any CPU
		{FC18647A-D06A-43EA-9965-40FC8F156789}.Release|Any CPU.ActiveCfg = Release|Any CPU
		{FC18647A-D06A-43EA-9965-40FC8F156789}.Release|Any CPU.Build.0 = Release|Any CPU
		{AFD5EDD6-C2CD-4397-A0F6-915D9E53D808}.Debug|Any CPU.ActiveCfg = Debug|Any CPU
		{AFD5EDD6-C2CD-4397-A0F6-915D9E53D808}.Debug|Any CPU.Build.0 = Debug|Any CPU
		{AFD5EDD6-C2CD-4397-A0F6-915D9E53D808}.Release|Any CPU.ActiveCfg = Release|Any CPU
		{AFD5EDD6-C2CD-4397-A0F6-915D9E53D808}.Release|Any CPU.Build.0 = Release|Any CPU
		{7C0489B9-D334-4DEE-B10F-FFFF07E439E9}.Debug|Any CPU.ActiveCfg = Debug|Any CPU
		{7C0489B9-D334-4DEE-B10F-FFFF07E439E9}.Debug|Any CPU.Build.0 = Debug|Any CPU
		{7C0489B9-D334-4DEE-B10F-FFFF07E439E9}.Release|Any CPU.ActiveCfg = Release|Any CPU
		{7C0489B9-D334-4DEE-B10F-FFFF07E439E9}.Release|Any CPU.Build.0 = Release|Any CPU
		{6BFD2677-703C-46E7-9AE2-68F2356350FE}.Debug|Any CPU.ActiveCfg = Debug|Any CPU
		{6BFD2677-703C-46E7-9AE2-68F2356350FE}.Debug|Any CPU.Build.0 = Debug|Any CPU
		{6BFD2677-703C-46E7-9AE2-68F2356350FE}.Release|Any CPU.ActiveCfg = Release|Any CPU
		{6BFD2677-703C-46E7-9AE2-68F2356350FE}.Release|Any CPU.Build.0 = Release|Any CPU
		{CF70DAE3-123E-440C-B8D5-3A0245B77CCC}.Debug|Any CPU.ActiveCfg = Debug|Any CPU
		{CF70DAE3-123E-440C-B8D5-3A0245B77CCC}.Debug|Any CPU.Build.0 = Debug|Any CPU
		{CF70DAE3-123E-440C-B8D5-3A0245B77CCC}.Release|Any CPU.ActiveCfg = Release|Any CPU
		{CF70DAE3-123E-440C-B8D5-3A0245B77CCC}.Release|Any CPU.Build.0 = Release|Any CPU
		{01174BBA-1990-49EE-9458-8D1FAB9BC43E}.Debug|Any CPU.ActiveCfg = Debug|Any CPU
		{01174BBA-1990-49EE-9458-8D1FAB9BC43E}.Debug|Any CPU.Build.0 = Debug|Any CPU
		{01174BBA-1990-49EE-9458-8D1FAB9BC43E}.Release|Any CPU.ActiveCfg = Release|Any CPU
		{01174BBA-1990-49EE-9458-8D1FAB9BC43E}.Release|Any CPU.Build.0 = Release|Any CPU
		{48BC0B1C-706E-41B4-954F-9C84F772A1A0}.Debug|Any CPU.ActiveCfg = Debug|Any CPU
		{48BC0B1C-706E-41B4-954F-9C84F772A1A0}.Debug|Any CPU.Build.0 = Debug|Any CPU
		{48BC0B1C-706E-41B4-954F-9C84F772A1A0}.Release|Any CPU.ActiveCfg = Release|Any CPU
		{48BC0B1C-706E-41B4-954F-9C84F772A1A0}.Release|Any CPU.Build.0 = Release|Any CPU
		{F779CFE8-2AA8-457D-BD41-569D91581F5B}.Debug|Any CPU.ActiveCfg = Debug|Any CPU
		{F779CFE8-2AA8-457D-BD41-569D91581F5B}.Debug|Any CPU.Build.0 = Debug|Any CPU
		{F779CFE8-2AA8-457D-BD41-569D91581F5B}.Release|Any CPU.ActiveCfg = Release|Any CPU
		{F779CFE8-2AA8-457D-BD41-569D91581F5B}.Release|Any CPU.Build.0 = Release|Any CPU
		{6A9816CA-82EC-4566-9D10-4AAA80524C67}.Debug|Any CPU.ActiveCfg = Debug|Any CPU
		{6A9816CA-82EC-4566-9D10-4AAA80524C67}.Debug|Any CPU.Build.0 = Debug|Any CPU
		{6A9816CA-82EC-4566-9D10-4AAA80524C67}.Release|Any CPU.ActiveCfg = Release|Any CPU
		{6A9816CA-82EC-4566-9D10-4AAA80524C67}.Release|Any CPU.Build.0 = Release|Any CPU
		{C8DE5E4C-85A0-466B-9354-443F3052DEFB}.Debug|Any CPU.ActiveCfg = Debug|Any CPU
		{C8DE5E4C-85A0-466B-9354-443F3052DEFB}.Debug|Any CPU.Build.0 = Debug|Any CPU
		{C8DE5E4C-85A0-466B-9354-443F3052DEFB}.Release|Any CPU.ActiveCfg = Release|Any CPU
		{C8DE5E4C-85A0-466B-9354-443F3052DEFB}.Release|Any CPU.Build.0 = Release|Any CPU
	EndGlobalSection
	GlobalSection(NestedProjects) = preSolution
		{6F00A501-B265-4162-B476-FCF8BE4BCF8B} = {30719ED0-79A2-4A70-B7F3-A278EF376F65}
		{0381CC29-47F5-4803-A465-2BC1AF0450DD} = {6F00A501-B265-4162-B476-FCF8BE4BCF8B}
		{047702B0-8664-47A1-BA81-FA8A814EDD11} = {30719ED0-79A2-4A70-B7F3-A278EF376F65}
		{0C2756CE-D28D-4BFC-9F64-2CAD579A8EDC} = {047702B0-8664-47A1-BA81-FA8A814EDD11}
		{2A58A9AB-D82F-488F-B361-4C636C1EEC71} = {047702B0-8664-47A1-BA81-FA8A814EDD11}
		{6D3A9233-D6B5-4667-822B-A9F43D8E9521} = {6F00A501-B265-4162-B476-FCF8BE4BCF8B}
		{BBACB285-D8C5-44C4-8A39-2AE9BE281CE5} = {C5B3FE3F-4D4F-4CA5-8C55-9307CA42FC5D}
		{F299D145-9AD1-41AD-A4C6-ADE10CEE8E6D} = {C5B3FE3F-4D4F-4CA5-8C55-9307CA42FC5D}
		{DCA260FD-3361-426A-B43F-37647640FBA6} = {BBACB285-D8C5-44C4-8A39-2AE9BE281CE5}
		{22341F7E-F6FA-4CD2-A5BF-00821B8D85BD} = {BBACB285-D8C5-44C4-8A39-2AE9BE281CE5}
		{FC18647A-D06A-43EA-9965-40FC8F156789} = {BBACB285-D8C5-44C4-8A39-2AE9BE281CE5}
		{AFD5EDD6-C2CD-4397-A0F6-915D9E53D808} = {BBACB285-D8C5-44C4-8A39-2AE9BE281CE5}
		{7C0489B9-D334-4DEE-B10F-FFFF07E439E9} = {F299D145-9AD1-41AD-A4C6-ADE10CEE8E6D}
		{6BFD2677-703C-46E7-9AE2-68F2356350FE} = {F299D145-9AD1-41AD-A4C6-ADE10CEE8E6D}
		{F3D6518E-6F31-4338-8860-C23473A3AE08} = {CFA42F12-605F-453A-9837-03E78CEDD6BD}
		{9B885417-0808-425D-87BF-4D5A36F75B39} = {CFA42F12-605F-453A-9837-03E78CEDD6BD}
		{CF70DAE3-123E-440C-B8D5-3A0245B77CCC} = {F3D6518E-6F31-4338-8860-C23473A3AE08}
		{01174BBA-1990-49EE-9458-8D1FAB9BC43E} = {F3D6518E-6F31-4338-8860-C23473A3AE08}
		{48BC0B1C-706E-41B4-954F-9C84F772A1A0} = {F3D6518E-6F31-4338-8860-C23473A3AE08}
		{F779CFE8-2AA8-457D-BD41-569D91581F5B} = {F3D6518E-6F31-4338-8860-C23473A3AE08}
		{6A9816CA-82EC-4566-9D10-4AAA80524C67} = {9B885417-0808-425D-87BF-4D5A36F75B39}
		{65E7D244-A9F1-4CEA-BA14-E22705831317} = {CE915C38-F0DA-4D3A-80CD-7F50A5EF6C52}
		{C8DE5E4C-85A0-466B-9354-443F3052DEFB} = {65E7D244-A9F1-4CEA-BA14-E22705831317}
	EndGlobalSection
EndGlobal
