
Microsoft Visual Studio Solution File, Format Version 12.00
# Visual Studio Version 17
VisualStudioVersion = 17.2.32516.85
MinimumVisualStudioVersion = 10.0.40219.1
Project("{FAE04EC0-301F-11D3-BF4B-00C04F79EFBC}") = "AspNetCoreIdentity", "AspNetCoreIdentity\AspNetCoreIdentity.csproj", "{29A34243-D876-4D61-9E23-56A5F87ED066}"
EndProject
Global
	GlobalSection(SolutionConfigurationPlatforms) = preSolution
		Debug|Any CPU = Debug|Any CPU
		Release|Any CPU = Release|Any CPU
	EndGlobalSection
	GlobalSection(ProjectConfigurationPlatforms) = postSolution
		{29A34243-D876-4D61-9E23-56A5F87ED066}.Debug|Any CPU.ActiveCfg = Debug|Any CPU
		{29A34243-D876-4D61-9E23-56A5F87ED066}.Debug|Any CPU.Build.0 = Debug|Any CPU
		{29A34243-D876-4D61-9E23-56A5F87ED066}.Release|Any CPU.ActiveCfg = Release|Any CPU
		{29A34243-D876-4D61-9E23-56A5F87ED066}.Release|Any CPU.Build.0 = Release|Any CPU
	EndGlobalSection
	GlobalSection(SolutionProperties) = preSolution
		HideSolutionNode = FALSE
	EndGlobalSection
	GlobalSection(ExtensibilityGlobals) = postSolution
		SolutionGuid = {774A2070-90A7-4FB1-AB2F-D3224D59FEDF}
	EndGlobalSection
EndGlobal
