
Microsoft Visual Studio Solution File, Format Version 12.00
# Visual Studio Version 17
VisualStudioVersion = 17.2.32516.85
MinimumVisualStudioVersion = 10.0.40219.1
Project("{9A19103F-16F7-4668-BE54-9A1E7A4F7556}") = "DevIO.Business", "src\DevIO.Business\DevIO.Business.csproj", "{FA2EACBD-CE1B-4667-82AF-2ADD57232855}"
EndProject
Project("{9A19103F-16F7-4668-BE54-9A1E7A4F7556}") = "DevIO.Data", "src\DevIO.Data\DevIO.Data.csproj", "{964159BA-2C2A-4E4E-9164-6C20E2B1A807}"
EndProject
Project("{FAE04EC0-301F-11D3-BF4B-00C04F79EFBC}") = "DevIO.api", "src\DevIO.api\DevIO.api.csproj", "{D3706846-ABA6-4E7D-9C4D-08B9F2DCE44D}"
EndProject
Global
	GlobalSection(SolutionConfigurationPlatforms) = preSolution
		Debug|Any CPU = Debug|Any CPU
		Release|Any CPU = Release|Any CPU
	EndGlobalSection
	GlobalSection(ProjectConfigurationPlatforms) = postSolution
		{FA2EACBD-CE1B-4667-82AF-2ADD57232855}.Debug|Any CPU.ActiveCfg = Debug|Any CPU
		{FA2EACBD-CE1B-4667-82AF-2ADD57232855}.Debug|Any CPU.Build.0 = Debug|Any CPU
		{FA2EACBD-CE1B-4667-82AF-2ADD57232855}.Release|Any CPU.ActiveCfg = Release|Any CPU
		{FA2EACBD-CE1B-4667-82AF-2ADD57232855}.Release|Any CPU.Build.0 = Release|Any CPU
		{964159BA-2C2A-4E4E-9164-6C20E2B1A807}.Debug|Any CPU.ActiveCfg = Debug|Any CPU
		{964159BA-2C2A-4E4E-9164-6C20E2B1A807}.Debug|Any CPU.Build.0 = Debug|Any CPU
		{964159BA-2C2A-4E4E-9164-6C20E2B1A807}.Release|Any CPU.ActiveCfg = Release|Any CPU
		{964159BA-2C2A-4E4E-9164-6C20E2B1A807}.Release|Any CPU.Build.0 = Release|Any CPU
		{D3706846-ABA6-4E7D-9C4D-08B9F2DCE44D}.Debug|Any CPU.ActiveCfg = Debug|Any CPU
		{D3706846-ABA6-4E7D-9C4D-08B9F2DCE44D}.Debug|Any CPU.Build.0 = Debug|Any CPU
		{D3706846-ABA6-4E7D-9C4D-08B9F2DCE44D}.Release|Any CPU.ActiveCfg = Release|Any CPU
		{D3706846-ABA6-4E7D-9C4D-08B9F2DCE44D}.Release|Any CPU.Build.0 = Release|Any CPU
	EndGlobalSection
	GlobalSection(SolutionProperties) = preSolution
		HideSolutionNode = FALSE
	EndGlobalSection
	GlobalSection(ExtensibilityGlobals) = postSolution
		SolutionGuid = {B7D9F5A3-E9C1-4226-9826-D128FDC1300E}
	EndGlobalSection
EndGlobal
